
Microsoft Visual Studio Solution File, Format Version 11.00
# Visual Studio 2010
Project("{E24C65DC-7377-472B-9ABA-BC803B73C61A}") = "小组作业 02", ".", "{0A242F88-FC23-4641-91EF-28CAC64A57EF}"
	ProjectSection(WebsiteProperties) = preProject
		TargetFrameworkMoniker = ".NETFramework,Version%3Dv4.0"
		Debug.AspNetCompiler.VirtualPath = "/小组作业 02"
		Debug.AspNetCompiler.PhysicalPath = "..\小组作业 02\"
		Debug.AspNetCompiler.TargetPath = "PrecompiledWeb\小组作业 02\"
		Debug.AspNetCompiler.Updateable = "true"
		Debug.AspNetCompiler.ForceOverwrite = "true"
		Debug.AspNetCompiler.FixedNames = "false"
		Debug.AspNetCompiler.Debug = "True"
		Release.AspNetCompiler.VirtualPath = "/小组作业 02"
		Release.AspNetCompiler.PhysicalPath = "..\小组作业 02\"
		Release.AspNetCompiler.TargetPath = "PrecompiledWeb\小组作业 02\"
		Release.AspNetCompiler.Updateable = "true"
		Release.AspNetCompiler.ForceOverwrite = "true"
		Release.AspNetCompiler.FixedNames = "false"
		Release.AspNetCompiler.Debug = "False"
		VWDPort = "61265"
	EndProjectSection
EndProject
Global
	GlobalSection(SolutionConfigurationPlatforms) = preSolution
		Debug|Any CPU = Debug|Any CPU
	EndGlobalSection
	GlobalSection(ProjectConfigurationPlatforms) = postSolution
		{0A242F88-FC23-4641-91EF-28CAC64A57EF}.Debug|Any CPU.ActiveCfg = Debug|Any CPU
		{0A242F88-FC23-4641-91EF-28CAC64A57EF}.Debug|Any CPU.Build.0 = Debug|Any CPU
	EndGlobalSection
	GlobalSection(SolutionProperties) = preSolution
		HideSolutionNode = FALSE
	EndGlobalSection
EndGlobal
