
Microsoft Visual Studio Solution File, Format Version 11.00
# Visual Studio 2010
Project("{E24C65DC-7377-472B-9ABA-BC803B73C61A}") = "Turbo", ".", "{41DE61A1-0CFD-4A34-992C-AB10428E7B0A}"
	ProjectSection(WebsiteProperties) = preProject
		TargetFrameworkMoniker = ".NETFramework,Version%3Dv4.0"
		Debug.AspNetCompiler.VirtualPath = "/Turbo"
		Debug.AspNetCompiler.PhysicalPath = "..\Turbo\"
		Debug.AspNetCompiler.TargetPath = "PrecompiledWeb\Turbo\"
		Debug.AspNetCompiler.Updateable = "true"
		Debug.AspNetCompiler.ForceOverwrite = "true"
		Debug.AspNetCompiler.FixedNames = "false"
		Debug.AspNetCompiler.Debug = "True"
		Release.AspNetCompiler.VirtualPath = "/Turbo"
		Release.AspNetCompiler.PhysicalPath = "..\Turbo\"
		Release.AspNetCompiler.TargetPath = "PrecompiledWeb\Turbo\"
		Release.AspNetCompiler.Updateable = "true"
		Release.AspNetCompiler.ForceOverwrite = "true"
		Release.AspNetCompiler.FixedNames = "false"
		Release.AspNetCompiler.Debug = "False"
		VWDPort = "64663"
	EndProjectSection
EndProject
Global
	GlobalSection(SolutionConfigurationPlatforms) = preSolution
		Debug|Any CPU = Debug|Any CPU
	EndGlobalSection
	GlobalSection(ProjectConfigurationPlatforms) = postSolution
		{41DE61A1-0CFD-4A34-992C-AB10428E7B0A}.Debug|Any CPU.ActiveCfg = Debug|Any CPU
		{41DE61A1-0CFD-4A34-992C-AB10428E7B0A}.Debug|Any CPU.Build.0 = Debug|Any CPU
	EndGlobalSection
	GlobalSection(SolutionProperties) = preSolution
		HideSolutionNode = FALSE
	EndGlobalSection
EndGlobal
