
Microsoft Visual Studio Solution File, Format Version 11.00
# Visual Studio 2010
Project("{E24C65DC-7377-472B-9ABA-BC803B73C61A}") = "02计算器", ".", "{EBF895B9-3450-4F8B-8EDB-7460A18FA2F6}"
	ProjectSection(WebsiteProperties) = preProject
		TargetFrameworkMoniker = ".NETFramework,Version%3Dv4.0"
		Debug.AspNetCompiler.VirtualPath = "/02计算器"
		Debug.AspNetCompiler.PhysicalPath = "..\02计算器\"
		Debug.AspNetCompiler.TargetPath = "PrecompiledWeb\02计算器\"
		Debug.AspNetCompiler.Updateable = "true"
		Debug.AspNetCompiler.ForceOverwrite = "true"
		Debug.AspNetCompiler.FixedNames = "false"
		Debug.AspNetCompiler.Debug = "True"
		Release.AspNetCompiler.VirtualPath = "/02计算器"
		Release.AspNetCompiler.PhysicalPath = "..\02计算器\"
		Release.AspNetCompiler.TargetPath = "PrecompiledWeb\02计算器\"
		Release.AspNetCompiler.Updateable = "true"
		Release.AspNetCompiler.ForceOverwrite = "true"
		Release.AspNetCompiler.FixedNames = "false"
		Release.AspNetCompiler.Debug = "False"
		VWDPort = "55707"
	EndProjectSection
EndProject
Global
	GlobalSection(SolutionConfigurationPlatforms) = preSolution
		Debug|Any CPU = Debug|Any CPU
	EndGlobalSection
	GlobalSection(ProjectConfigurationPlatforms) = postSolution
		{EBF895B9-3450-4F8B-8EDB-7460A18FA2F6}.Debug|Any CPU.ActiveCfg = Debug|Any CPU
		{EBF895B9-3450-4F8B-8EDB-7460A18FA2F6}.Debug|Any CPU.Build.0 = Debug|Any CPU
	EndGlobalSection
	GlobalSection(SolutionProperties) = preSolution
		HideSolutionNode = FALSE
	EndGlobalSection
EndGlobal
